
Microsoft Visual Studio Solution File, Format Version 12.00
# Visual Studio Version 16
VisualStudioVersion = 25.0.1704.2
MinimumVisualStudioVersion = 10.0.40219.1
Project("{FAE04EC0-301F-11D3-BF4B-00C04F79EFBC}") = "DisplayActionSheetBuilderSample.iOS", "DisplayActionSheetBuilderSample\DisplayActionSheetBuilderSample.iOS\DisplayActionSheetBuilderSample.iOS.csproj", "{5EBBEFFC-9189-4774-838E-FDBCAAA257D2}"
EndProject
Project("{FAE04EC0-301F-11D3-BF4B-00C04F79EFBC}") = "DisplayActionSheetBuilderSample", "DisplayActionSheetBuilderSample\DisplayActionSheetBuilderSample\DisplayActionSheetBuilderSample.csproj", "{C254A738-61C1-4F80-A86C-85091A6B05A2}"
EndProject
Global
	GlobalSection(SolutionConfigurationPlatforms) = preSolution
		Debug|iPhoneSimulator = Debug|iPhoneSimulator
		Release|iPhoneSimulator = Release|iPhoneSimulator
		Debug|iPhone = Debug|iPhone
		Release|iPhone = Release|iPhone
		Debug|Any CPU = Debug|Any CPU
		Release|Any CPU = Release|Any CPU
	EndGlobalSection
	GlobalSection(ProjectConfigurationPlatforms) = postSolution
		{5EBBEFFC-9189-4774-838E-FDBCAAA257D2}.Debug|iPhoneSimulator.ActiveCfg = Debug|iPhoneSimulator
		{5EBBEFFC-9189-4774-838E-FDBCAAA257D2}.Debug|iPhoneSimulator.Build.0 = Debug|iPhoneSimulator
		{5EBBEFFC-9189-4774-838E-FDBCAAA257D2}.Release|iPhoneSimulator.ActiveCfg = Release|iPhoneSimulator
		{5EBBEFFC-9189-4774-838E-FDBCAAA257D2}.Release|iPhoneSimulator.Build.0 = Release|iPhoneSimulator
		{5EBBEFFC-9189-4774-838E-FDBCAAA257D2}.Debug|iPhone.ActiveCfg = Debug|iPhone
		{5EBBEFFC-9189-4774-838E-FDBCAAA257D2}.Debug|iPhone.Build.0 = Debug|iPhone
		{5EBBEFFC-9189-4774-838E-FDBCAAA257D2}.Release|iPhone.ActiveCfg = Release|iPhone
		{5EBBEFFC-9189-4774-838E-FDBCAAA257D2}.Release|iPhone.Build.0 = Release|iPhone
		{5EBBEFFC-9189-4774-838E-FDBCAAA257D2}.Debug|Any CPU.ActiveCfg = Debug|iPhoneSimulator
		{5EBBEFFC-9189-4774-838E-FDBCAAA257D2}.Debug|Any CPU.Build.0 = Debug|iPhoneSimulator
		{5EBBEFFC-9189-4774-838E-FDBCAAA257D2}.Release|Any CPU.ActiveCfg = Release|iPhoneSimulator
		{5EBBEFFC-9189-4774-838E-FDBCAAA257D2}.Release|Any CPU.Build.0 = Release|iPhoneSimulator
		{C254A738-61C1-4F80-A86C-85091A6B05A2}.Debug|iPhoneSimulator.ActiveCfg = Debug|Any CPU
		{C254A738-61C1-4F80-A86C-85091A6B05A2}.Debug|iPhoneSimulator.Build.0 = Debug|Any CPU
		{C254A738-61C1-4F80-A86C-85091A6B05A2}.Release|iPhoneSimulator.ActiveCfg = Release|Any CPU
		{C254A738-61C1-4F80-A86C-85091A6B05A2}.Release|iPhoneSimulator.Build.0 = Release|Any CPU
		{C254A738-61C1-4F80-A86C-85091A6B05A2}.Debug|iPhone.ActiveCfg = Debug|Any CPU
		{C254A738-61C1-4F80-A86C-85091A6B05A2}.Debug|iPhone.Build.0 = Debug|Any CPU
		{C254A738-61C1-4F80-A86C-85091A6B05A2}.Release|iPhone.ActiveCfg = Release|Any CPU
		{C254A738-61C1-4F80-A86C-85091A6B05A2}.Release|iPhone.Build.0 = Release|Any CPU
		{C254A738-61C1-4F80-A86C-85091A6B05A2}.Debug|Any CPU.ActiveCfg = Debug|Any CPU
		{C254A738-61C1-4F80-A86C-85091A6B05A2}.Debug|Any CPU.Build.0 = Debug|Any CPU
		{C254A738-61C1-4F80-A86C-85091A6B05A2}.Release|Any CPU.ActiveCfg = Release|Any CPU
		{C254A738-61C1-4F80-A86C-85091A6B05A2}.Release|Any CPU.Build.0 = Release|Any CPU
	EndGlobalSection
	GlobalSection(SolutionProperties) = preSolution
		HideSolutionNode = FALSE
	EndGlobalSection
	GlobalSection(ExtensibilityGlobals) = postSolution
		SolutionGuid = {2FB60042-60D5-44BC-A4BC-E21F993539B6}
	EndGlobalSection
EndGlobal
